{
  "name": "app",
  "version": "0.0.1",
  "lockfileVersion": 1,
  "requires": true,
  "dependencies": {
    "@littleq/littleq-router": {
      "version": "0.0.2",
      "resolved": "https://registry.npmjs.org/@littleq/littleq-router/-/littleq-router-0.0.2.tgz",
      "integrity": "sha512-WzvgIchpxNywzk2tOSvhmdXUTy11BDo5AN113OE69DoVgZfzal6Gbh9dhN9Kb3if5pFNg0hKXOcMdjFxdHvrSw==",
      "requires": {
        "@littleq/location-mixin": "0.0.3",
        "@littleq/query-params-mixin": "0.0.1",
        "@littleq/state-manager": "0.0.2",
        "@polymer/polymer": "3.0.0-pre.1",
        "global": "4.3.2",
        "path-to-regexp": "2.1.0",
        "redux": "3.7.2"
      }
    },
    "@littleq/location-mixin": {
      "version": "0.0.3",
      "resolved": "https://registry.npmjs.org/@littleq/location-mixin/-/location-mixin-0.0.3.tgz",
      "integrity": "sha1-1gHtOTRKvdhdU453lQyOg+FGuPg=",
      "requires": {
        "@littleq/state-manager": "0.0.1",
        "global": "4.3.2",
        "redux": "3.7.2"
      },
      "dependencies": {
        "@littleq/state-manager": {
          "version": "0.0.1",
          "resolved": "https://registry.npmjs.org/@littleq/state-manager/-/state-manager-0.0.1.tgz",
          "integrity": "sha1-UzN9y+d+4dt8LwefqulgipKVFFU=",
          "requires": {
            "@polymer/polymer": "3.0.0-pre.1",
            "redux": "3.7.2"
          }
        }
      }
    },
    "@littleq/query-params-mixin": {
      "version": "0.0.1",
      "resolved": "https://registry.npmjs.org/@littleq/query-params-mixin/-/query-params-mixin-0.0.1.tgz",
      "integrity": "sha1-YYHxXFgbBVpAfztz/CJb2zMdPBA=",
      "requires": {
        "@littleq/state-manager": "0.0.1",
        "redux": "3.7.2"
      },
      "dependencies": {
        "@littleq/state-manager": {
          "version": "0.0.1",
          "resolved": "https://registry.npmjs.org/@littleq/state-manager/-/state-manager-0.0.1.tgz",
          "integrity": "sha1-UzN9y+d+4dt8LwefqulgipKVFFU=",
          "requires": {
            "@polymer/polymer": "3.0.0-pre.1",
            "redux": "3.7.2"
          }
        }
      }
    },
    "@littleq/state-manager": {
      "version": "0.0.2",
      "resolved": "https://registry.npmjs.org/@littleq/state-manager/-/state-manager-0.0.2.tgz",
      "integrity": "sha1-TK+Xk77p5s49Q7neHDVd3/IV6Hg=",
      "requires": {
        "@polymer/polymer": "3.0.0-pre.1",
        "redux": "3.7.2"
      }
    },
    "@polymer/polymer": {
      "version": "3.0.0-pre.1",
      "resolved": "https://registry.npmjs.org/@polymer/polymer/-/polymer-3.0.0-pre.1.tgz",
      "integrity": "sha512-yfVY9yl3hmnbU+RtcOobmmiPCkqIqpjMdo3+KoJ6gpFTUFFClKBqSAe7qussIGoyEUNdacXHF6OUj0Y2bTIDew==",
      "requires": {
        "@webcomponents/shadycss": "1.0.6",
        "@webcomponents/webcomponentsjs": "1.0.17"
      }
    },
    "@webcomponents/shadycss": {
      "version": "1.0.6",
      "resolved": "https://registry.npmjs.org/@webcomponents/shadycss/-/shadycss-1.0.6.tgz",
      "integrity": "sha512-4yGifxIQkDzf3SRQIRE4e4cI09yawgZ6GHsnrkSLdohesKo4oMgxc5sF0wv2DQN7o7mCAjBYnunQXcHmC62qhw=="
    },
    "@webcomponents/webcomponentsjs": {
      "version": "1.0.17",
      "resolved": "https://registry.npmjs.org/@webcomponents/webcomponentsjs/-/webcomponentsjs-1.0.17.tgz",
      "integrity": "sha512-u74a41l3NwkJIfSSJc1aWz9nzY/a8mVWdQ2bT0VuZmmyOCqVu/nTDHg5Emv14Kj5Os3u/OtjtcRa+PQTXRzgfA=="
    },
    "dom-walk": {
      "version": "0.1.1",
      "resolved": "https://registry.npmjs.org/dom-walk/-/dom-walk-0.1.1.tgz",
      "integrity": "sha1-ZyIm3HTI95mtNTB9+TaroRrNYBg="
    },
    "es5-shim": {
      "version": "4.5.9",
      "resolved": "https://registry.npmjs.org/es5-shim/-/es5-shim-4.5.9.tgz",
      "integrity": "sha1-Kh4rnlg/9f7Qwgo+4svz91IwpcA="
    },
    "es6-promise": {
      "version": "4.1.1",
      "resolved": "https://registry.npmjs.org/es6-promise/-/es6-promise-4.1.1.tgz",
      "integrity": "sha512-OaU1hHjgJf+b0NzsxCg7NdIYERD6Hy/PEmFLTjw+b65scuisG3Kt4QoTvJ66BBkPZ581gr0kpoVzKnxniM8nng=="
    },
    "es6-shim": {
      "version": "0.35.3",
      "resolved": "https://registry.npmjs.org/es6-shim/-/es6-shim-0.35.3.tgz",
      "integrity": "sha1-m/tzY/7//4emzbbNk+QF7DxLbyY="
    },
    "global": {
      "version": "4.3.2",
      "resolved": "https://registry.npmjs.org/global/-/global-4.3.2.tgz",
      "integrity": "sha1-52mJJopsdMOJCLEwWxD8DjlOnQ8=",
      "requires": {
        "min-document": "2.19.0",
        "process": "0.5.2"
      }
    },
    "intersection-observer": {
      "version": "0.4.2",
      "resolved": "https://registry.npmjs.org/intersection-observer/-/intersection-observer-0.4.2.tgz",
      "integrity": "sha512-SFGCL4d6A7J+aXNHTx94zV7ydngTKraDBvoJjn5iGgsXYhXgAXIYj8i3ewJoO80BRB7qtBB3sBlrdGNwTktzLg=="
    },
    "js-tokens": {
      "version": "3.0.2",
      "resolved": "https://registry.npmjs.org/js-tokens/-/js-tokens-3.0.2.tgz",
      "integrity": "sha1-mGbfOVECEw449/mWvOtlRDIJwls="
    },
    "lodash": {
      "version": "4.17.4",
      "resolved": "https://registry.npmjs.org/lodash/-/lodash-4.17.4.tgz",
      "integrity": "sha1-eCA6TRwyiuHYbcpkYONptX9AVa4="
    },
    "lodash-es": {
      "version": "4.17.4",
      "resolved": "https://registry.npmjs.org/lodash-es/-/lodash-es-4.17.4.tgz",
      "integrity": "sha1-3MHXVS4VCgZABzupyzHXDwMpUOc="
    },
    "loose-envify": {
      "version": "1.3.1",
      "resolved": "https://registry.npmjs.org/loose-envify/-/loose-envify-1.3.1.tgz",
      "integrity": "sha1-0aitM/qc4OcT1l/dCsi3SNR4yEg=",
      "requires": {
        "js-tokens": "3.0.2"
      }
    },
    "marked": {
      "version": "0.3.12",
      "resolved": "https://registry.npmjs.org/marked/-/marked-0.3.12.tgz",
      "integrity": "sha512-k4NaW+vS7ytQn6MgJn3fYpQt20/mOgYM5Ft9BYMfQJDz2QT6yEeS9XJ8k2Nw8JTeWK/znPPW2n3UJGzyYEiMoA=="
    },
    "min-document": {
      "version": "2.19.0",
      "resolved": "https://registry.npmjs.org/min-document/-/min-document-2.19.0.tgz",
      "integrity": "sha1-e9KC4/WELtKVu3SM3Z8f+iyCRoU=",
      "requires": {
        "dom-walk": "0.1.1"
      }
    },
    "path-to-regexp": {
      "version": "2.1.0",
      "resolved": "https://registry.npmjs.org/path-to-regexp/-/path-to-regexp-2.1.0.tgz",
      "integrity": "sha512-dZY7QPCPp5r9cnNuQ955mOv4ZFVDXY/yvqeV7Y1W2PJA3PEFcuow9xKFfJxbBj1pIjOAP+M2B4/7xubmykLrXw=="
    },
    "process": {
      "version": "0.5.2",
      "resolved": "https://registry.npmjs.org/process/-/process-0.5.2.tgz",
      "integrity": "sha1-FjjYqONML0QKkduVq5rrZ3/Bhc8="
    },
    "redux": {
      "version": "3.7.2",
      "resolved": "https://registry.npmjs.org/redux/-/redux-3.7.2.tgz",
      "integrity": "sha512-pNqnf9q1hI5HHZRBkj3bAngGZW/JMCmexDlOxw4XagXY2o1327nHH54LoTjiPJ0gizoqPDRqWyX/00g0hD6w+A==",
      "requires": {
        "lodash": "4.17.4",
        "lodash-es": "4.17.4",
        "loose-envify": "1.3.1",
        "symbol-observable": "1.0.4"
      }
    },
    "symbol-observable": {
      "version": "1.0.4",
      "resolved": "https://registry.npmjs.org/symbol-observable/-/symbol-observable-1.0.4.tgz",
      "integrity": "sha1-Kb9hXUqnEhvdiYsi1LP5vE4qoD0="
    },
    "whatwg-fetch": {
      "version": "2.0.3",
      "resolved": "https://registry.npmjs.org/whatwg-fetch/-/whatwg-fetch-2.0.3.tgz",
      "integrity": "sha1-nITsLc9oGH/wC8ZOEnS0QhduHIQ="
    }
  }
}
